<?xml version="1.0" encoding="utf-8"?>
<Project ToolsVersion="4.0" xmlns="http://schemas.microsoft.com/developer/msbuild/2003">
  <ItemGroup>
    <Filter Include="Parser">
      <UniqueIdentifier>{338841eb-8e12-4ff2-961e-dd7c00750dd3}</UniqueIdentifier>
    </Filter>
    <Filter Include="Lexer">
      <UniqueIdentifier>{e1fc01b2-1654-4cbe-8379-69440de3f51d}</UniqueIdentifier>
    </Filter>
  </ItemGroup>
  <ItemGroup>
    <ClCompile Include="src\Moontests\pch\pch.cpp" />
    <ClCompile Include="src\Moontests\Parser\Parser.cpp" />
    <ClCompile Include="src\Moontests\Lexer\Lexer.cpp" />
  </ItemGroup>
  <ItemGroup>
    <None Include="packages.config" />
  </ItemGroup>
  <ItemGroup>
    <ClInclude Include="src\Moontests\pch\pch.h" />
  </ItemGroup>
</Project>